
Microsoft Visual Studio Solution File, Format Version 12.00
# Visual Studio Version 17
VisualStudioVersion = 17.4.33205.214
MinimumVisualStudioVersion = 10.0.40219.1
Project("{9A19103F-16F7-4668-BE54-9A1E7A4F7556}") = "SobrecargaMetodos", "SobrecargaMetodos.csproj", "{8B0E25AF-6C36-43E5-A4A0-61FA6DE2392F}"
EndProject
Project("{FAE04EC0-301F-11D3-BF4B-00C04F79EFBC}") = "SobreescrituraMetodos", "..\SobreescrituraMetodos\SobreescrituraMetodos.csproj", "{F1E9C684-AE81-4003-860B-181EC07ADF25}"
EndProject
Global
	GlobalSection(SolutionConfigurationPlatforms) = preSolution
		Debug|Any CPU = Debug|Any CPU
		Release|Any CPU = Release|Any CPU
	EndGlobalSection
	GlobalSection(ProjectConfigurationPlatforms) = postSolution
		{8B0E25AF-6C36-43E5-A4A0-61FA6DE2392F}.Debug|Any CPU.ActiveCfg = Debug|Any CPU
		{8B0E25AF-6C36-43E5-A4A0-61FA6DE2392F}.Debug|Any CPU.Build.0 = Debug|Any CPU
		{8B0E25AF-6C36-43E5-A4A0-61FA6DE2392F}.Release|Any CPU.ActiveCfg = Release|Any CPU
		{8B0E25AF-6C36-43E5-A4A0-61FA6DE2392F}.Release|Any CPU.Build.0 = Release|Any CPU
		{F1E9C684-AE81-4003-860B-181EC07ADF25}.Debug|Any CPU.ActiveCfg = Debug|Any CPU
		{F1E9C684-AE81-4003-860B-181EC07ADF25}.Debug|Any CPU.Build.0 = Debug|Any CPU
		{F1E9C684-AE81-4003-860B-181EC07ADF25}.Release|Any CPU.ActiveCfg = Release|Any CPU
		{F1E9C684-AE81-4003-860B-181EC07ADF25}.Release|Any CPU.Build.0 = Release|Any CPU
	EndGlobalSection
	GlobalSection(SolutionProperties) = preSolution
		HideSolutionNode = FALSE
	EndGlobalSection
	GlobalSection(ExtensibilityGlobals) = postSolution
		SolutionGuid = {3915EFE6-BF89-40CE-8A39-590AB721E52A}
	EndGlobalSection
EndGlobal
